// !$*UTF8*$!
{
	archiveVersion = 1;
	classes = {
	};
	objectVersion = 50;
	objects = {

/* Begin PBXBuildFile section */
		61070FDD2566ACCC00ACF443 /* AppDelegate.swift in Sources */ = {isa = PBXBuildFile; fileRef = 61070FDC2566ACCC00ACF443 /* AppDelegate.swift */; };
		61070FDF2566ACCC00ACF443 /* SceneDelegate.swift in Sources */ = {isa = PBXBuildFile; fileRef = 61070FDE2566ACCC00ACF443 /* SceneDelegate.swift */; };
		61070FE42566ACCC00ACF443 /* Main.storyboard in Resources */ = {isa = PBXBuildFile; fileRef = 61070FE22566ACCC00ACF443 /* Main.storyboard */; };
		61070FE62566ACCC00ACF443 /* Assets.xcassets in Resources */ = {isa = PBXBuildFile; fileRef = 61070FE52566ACCC00ACF443 /* Assets.xcassets */; };
		61070FE92566ACCC00ACF443 /* LaunchScreen.storyboard in Resources */ = {isa = PBXBuildFile; fileRef = 61070FE72566ACCC00ACF443 /* LaunchScreen.storyboard */; };
		61070FF32566B01C00ACF443 /* LoginViewController.swift in Sources */ = {isa = PBXBuildFile; fileRef = 61070FF22566B01C00ACF443 /* LoginViewController.swift */; };
		61070FF52566B0ED00ACF443 /* HomeViewController.swift in Sources */ = {isa = PBXBuildFile; fileRef = 61070FF42566B0ED00ACF443 /* HomeViewController.swift */; };
		61070FF72566B11600ACF443 /* ImageSelectViewController.swift in Sources */ = {isa = PBXBuildFile; fileRef = 61070FF62566B11600ACF443 /* ImageSelectViewController.swift */; };
		61070FF92566B15D00ACF443 /* PostViewController.swift in Sources */ = {isa = PBXBuildFile; fileRef = 61070FF82566B15D00ACF443 /* PostViewController.swift */; };
		61070FFB2566B17900ACF443 /* SettingViewController.swift in Sources */ = {isa = PBXBuildFile; fileRef = 61070FFA2566B17900ACF443 /* SettingViewController.swift */; };
		610E274E2567614700689A77 /* TabBarController.swift in Sources */ = {isa = PBXBuildFile; fileRef = 610E274D2567614700689A77 /* TabBarController.swift */; };
		61F2AB89256770D800F3B003 /* GoogleService-Info.plist in Resources */ = {isa = PBXBuildFile; fileRef = 61F2AB88256770D700F3B003 /* GoogleService-Info.plist */; };
		AFB47FA282470C3DA2C7DB0F /* Pods_Instagram.framework in Frameworks */ = {isa = PBXBuildFile; fileRef = 1AE72CCC234B64623C4BF6E5 /* Pods_Instagram.framework */; };
/* End PBXBuildFile section */

/* Begin PBXFileReference section */
		1AE72CCC234B64623C4BF6E5 /* Pods_Instagram.framework */ = {isa = PBXFileReference; explicitFileType = wrapper.framework; includeInIndex = 0; path = Pods_Instagram.framework; sourceTree = BUILT_PRODUCTS_DIR; };
		4E9C843E718E9752C3227A20 /* Pods-Instagram.debug.xcconfig */ = {isa = PBXFileReference; includeInIndex = 1; lastKnownFileType = text.xcconfig; name = "Pods-Instagram.debug.xcconfig"; path = "Target Support Files/Pods-Instagram/Pods-Instagram.debug.xcconfig"; sourceTree = "<group>"; };
		61070FD92566ACCC00ACF443 /* Instagram.app */ = {isa = PBXFileReference; explicitFileType = wrapper.application; includeInIndex = 0; path = Instagram.app; sourceTree = BUILT_PRODUCTS_DIR; };
		61070FDC2566ACCC00ACF443 /* AppDelegate.swift */ = {isa = PBXFileReference; lastKnownFileType = sourcecode.swift; path = AppDelegate.swift; sourceTree = "<group>"; };
		61070FDE2566ACCC00ACF443 /* SceneDelegate.swift */ = {isa = PBXFileReference; lastKnownFileType = sourcecode.swift; path = SceneDelegate.swift; sourceTree = "<group>"; };
		61070FE32566ACCC00ACF443 /* Base */ = {isa = PBXFileReference; lastKnownFileType = file.storyboard; name = Base; path = Base.lproj/Main.storyboard; sourceTree = "<group>"; };
		61070FE52566ACCC00ACF443 /* Assets.xcassets */ = {isa = PBXFileReference; lastKnownFileType = folder.assetcatalog; path = Assets.xcassets; sourceTree = "<group>"; };
		61070FE82566ACCC00ACF443 /* Base */ = {isa = PBXFileReference; lastKnownFileType = file.storyboard; name = Base; path = Base.lproj/LaunchScreen.storyboard; sourceTree = "<group>"; };
		61070FEA2566ACCC00ACF443 /* Info.plist */ = {isa = PBXFileReference; lastKnownFileType = text.plist.xml; path = Info.plist; sourceTree = "<group>"; };
		61070FF22566B01C00ACF443 /* LoginViewController.swift */ = {isa = PBXFileReference; lastKnownFileType = sourcecode.swift; path = LoginViewController.swift; sourceTree = "<group>"; };
		61070FF42566B0ED00ACF443 /* HomeViewController.swift */ = {isa = PBXFileReference; lastKnownFileType = sourcecode.swift; path = HomeViewController.swift; sourceTree = "<group>"; };
		61070FF62566B11600ACF443 /* ImageSelectViewController.swift */ = {isa = PBXFileReference; lastKnownFileType = sourcecode.swift; path = ImageSelectViewController.swift; sourceTree = "<group>"; };
		61070FF82566B15D00ACF443 /* PostViewController.swift */ = {isa = PBXFileReference; lastKnownFileType = sourcecode.swift; path = PostViewController.swift; sourceTree = "<group>"; };
		61070FFA2566B17900ACF443 /* SettingViewController.swift */ = {isa = PBXFileReference; lastKnownFileType = sourcecode.swift; path = SettingViewController.swift; sourceTree = "<group>"; };
		610E274D2567614700689A77 /* TabBarController.swift */ = {isa = PBXFileReference; lastKnownFileType = sourcecode.swift; path = TabBarController.swift; sourceTree = "<group>"; };
		61F2AB88256770D700F3B003 /* GoogleService-Info.plist */ = {isa = PBXFileReference; fileEncoding = 4; lastKnownFileType = text.plist.xml; path = "GoogleService-Info.plist"; sourceTree = "<group>"; };
		E654F6FB995E64B82E47E2B9 /* Pods-Instagram.release.xcconfig */ = {isa = PBXFileReference; includeInIndex = 1; lastKnownFileType = text.xcconfig; name = "Pods-Instagram.release.xcconfig"; path = "Target Support Files/Pods-Instagram/Pods-Instagram.release.xcconfig"; sourceTree = "<group>"; };
/* End PBXFileReference section */

/* Begin PBXFrameworksBuildPhase section */
		61070FD62566ACCC00ACF443 /* Frameworks */ = {
			isa = PBXFrameworksBuildPhase;
			buildActionMask = 2147483647;
			files = (
				AFB47FA282470C3DA2C7DB0F /* Pods_Instagram.framework in Frameworks */,
			);
			runOnlyForDeploymentPostprocessing = 0;
		};
/* End PBXFrameworksBuildPhase section */

/* Begin PBXGroup section */
		32D8CFB1635D282B2ECFAD4B /* Frameworks */ = {
			isa = PBXGroup;
			children = (
				1AE72CCC234B64623C4BF6E5 /* Pods_Instagram.framework */,
			);
			name = Frameworks;
			sourceTree = "<group>";
		};
		61070FD02566ACCC00ACF443 = {
			isa = PBXGroup;
			children = (
				61070FDB2566ACCC00ACF443 /* Instagram */,
				61070FDA2566ACCC00ACF443 /* Products */,
				F51A2B9EABB3B7725A9E9EE1 /* Pods */,
				32D8CFB1635D282B2ECFAD4B /* Frameworks */,
			);
			sourceTree = "<group>";
		};
		61070FDA2566ACCC00ACF443 /* Products */ = {
			isa = PBXGroup;
			children = (
				61070FD92566ACCC00ACF443 /* Instagram.app */,
			);
			name = Products;
			sourceTree = "<group>";
		};
		61070FDB2566ACCC00ACF443 /* Instagram */ = {
			isa = PBXGroup;
			children = (
				61070FDC2566ACCC00ACF443 /* AppDelegate.swift */,
				61070FDE2566ACCC00ACF443 /* SceneDelegate.swift */,
				61070FF22566B01C00ACF443 /* LoginViewController.swift */,
				61070FF42566B0ED00ACF443 /* HomeViewController.swift */,
				61070FF62566B11600ACF443 /* ImageSelectViewController.swift */,
				61070FFA2566B17900ACF443 /* SettingViewController.swift */,
				61070FF82566B15D00ACF443 /* PostViewController.swift */,
				610E274D2567614700689A77 /* TabBarController.swift */,
				61070FE22566ACCC00ACF443 /* Main.storyboard */,
				61070FE52566ACCC00ACF443 /* Assets.xcassets */,
				61070FE72566ACCC00ACF443 /* LaunchScreen.storyboard */,
				61070FEA2566ACCC00ACF443 /* Info.plist */,
				61F2AB88256770D700F3B003 /* GoogleService-Info.plist */,
			);
			path = Instagram;
			sourceTree = "<group>";
		};
		F51A2B9EABB3B7725A9E9EE1 /* Pods */ = {
			isa = PBXGroup;
			children = (
				4E9C843E718E9752C3227A20 /* Pods-Instagram.debug.xcconfig */,
				E654F6FB995E64B82E47E2B9 /* Pods-Instagram.release.xcconfig */,
			);
			name = Pods;
			path = Pods;
			sourceTree = "<group>";
		};
/* End PBXGroup section */

/* Begin PBXNativeTarget section */
		61070FD82566ACCC00ACF443 /* Instagram */ = {
			isa = PBXNativeTarget;
			buildConfigurationList = 61070FED2566ACCC00ACF443 /* Build configuration list for PBXNativeTarget "Instagram" */;
			buildPhases = (
				820174B0A5DDB90C64F1DEAC /* [CP] Check Pods Manifest.lock */,
				61070FD52566ACCC00ACF443 /* Sources */,
				61070FD62566ACCC00ACF443 /* Frameworks */,
				61070FD72566ACCC00ACF443 /* Resources */,
				D9C7407338B528E39935F38A /* [CP] Embed Pods Frameworks */,
			);
			buildRules = (
			);
			dependencies = (
			);
			name = Instagram;
			productName = Instagram;
			productReference = 61070FD92566ACCC00ACF443 /* Instagram.app */;
			productType = "com.apple.product-type.application";
		};
/* End PBXNativeTarget section */

/* Begin PBXProject section */
		61070FD12566ACCC00ACF443 /* Project object */ = {
			isa = PBXProject;
			attributes = {
				LastSwiftUpdateCheck = 1150;
				LastUpgradeCheck = 1150;
				ORGANIZATIONNAME = ryosuke.watanabe;
				TargetAttributes = {
					61070FD82566ACCC00ACF443 = {
						CreatedOnToolsVersion = 11.5;
					};
				};
			};
			buildConfigurationList = 61070FD42566ACCC00ACF443 /* Build configuration list for PBXProject "Instagram" */;
			compatibilityVersion = "Xcode 9.3";
			developmentRegion = en;
			hasScannedForEncodings = 0;
			knownRegions = (
				en,
				Base,
			);
			mainGroup = 61070FD02566ACCC00ACF443;
			productRefGroup = 61070FDA2566ACCC00ACF443 /* Products */;
			projectDirPath = "";
			projectRoot = "";
			targets = (
				61070FD82566ACCC00ACF443 /* Instagram */,
			);
		};
/* End PBXProject section */

/* Begin PBXResourcesBuildPhase section */
		61070FD72566ACCC00ACF443 /* Resources */ = {
			isa = PBXResourcesBuildPhase;
			buildActionMask = 2147483647;
			files = (
				61070FE92566ACCC00ACF443 /* LaunchScreen.storyboard in Resources */,
				61F2AB89256770D800F3B003 /* GoogleService-Info.plist in Resources */,
				61070FE62566ACCC00ACF443 /* Assets.xcassets in Resources */,
				61070FE42566ACCC00ACF443 /* Main.storyboard in Resources */,
			);
			runOnlyForDeploymentPostprocessing = 0;
		};
/* End PBXResourcesBuildPhase section */

/* Begin PBXShellScriptBuildPhase section */
		820174B0A5DDB90C64F1DEAC /* [CP] Check Pods Manifest.lock */ = {
			isa = PBXShellScriptBuildPhase;
			buildActionMask = 2147483647;
			files = (
			);
			inputFileListPaths = (
			);
			inputPaths = (
				"${PODS_PODFILE_DIR_PATH}/Podfile.lock",
				"${PODS_ROOT}/Manifest.lock",
			);
			name = "[CP] Check Pods Manifest.lock";
			outputFileListPaths = (
			);
			outputPaths = (
				"$(DERIVED_FILE_DIR)/Pods-Instagram-checkManifestLockResult.txt",
			);
			runOnlyForDeploymentPostprocessing = 0;
			shellPath = /bin/sh;
			shellScript = "diff \"${PODS_PODFILE_DIR_PATH}/Podfile.lock\" \"${PODS_ROOT}/Manifest.lock\" > /dev/null\nif [ $? != 0 ] ; then\n    # print error to STDERR\n    echo \"error: The sandbox is not in sync with the Podfile.lock. Run 'pod install' or update your CocoaPods installation.\" >&2\n    exit 1\nfi\n# This output is used by Xcode 'outputs' to avoid re-running this script phase.\necho \"SUCCESS\" > \"${SCRIPT_OUTPUT_FILE_0}\"\n";
			showEnvVarsInLog = 0;
		};
		D9C7407338B528E39935F38A /* [CP] Embed Pods Frameworks */ = {
			isa = PBXShellScriptBuildPhase;
			buildActionMask = 2147483647;
			files = (
			);
			inputFileListPaths = (
				"${PODS_ROOT}/Target Support Files/Pods-Instagram/Pods-Instagram-frameworks-${CONFIGURATION}-input-files.xcfilelist",
			);
			name = "[CP] Embed Pods Frameworks";
			outputFileListPaths = (
				"${PODS_ROOT}/Target Support Files/Pods-Instagram/Pods-Instagram-frameworks-${CONFIGURATION}-output-files.xcfilelist",
			);
			runOnlyForDeploymentPostprocessing = 0;
			shellPath = /bin/sh;
			shellScript = "\"${PODS_ROOT}/Target Support Files/Pods-Instagram/Pods-Instagram-frameworks.sh\"\n";
			showEnvVarsInLog = 0;
		};
/* End PBXShellScriptBuildPhase section */

/* Begin PBXSourcesBuildPhase section */
		61070FD52566ACCC00ACF443 /* Sources */ = {
			isa = PBXSourcesBuildPhase;
			buildActionMask = 2147483647;
			files = (
				61070FF72566B11600ACF443 /* ImageSelectViewController.swift in Sources */,
				610E274E2567614700689A77 /* TabBarController.swift in Sources */,
				61070FF52566B0ED00ACF443 /* HomeViewController.swift in Sources */,
				61070FF92566B15D00ACF443 /* PostViewController.swift in Sources */,
				61070FFB2566B17900ACF443 /* SettingViewController.swift in Sources */,
				61070FF32566B01C00ACF443 /* LoginViewController.swift in Sources */,
				61070FDD2566ACCC00ACF443 /* AppDelegate.swift in Sources */,
				61070FDF2566ACCC00ACF443 /* SceneDelegate.swift in Sources */,
			);
			runOnlyForDeploymentPostprocessing = 0;
		};
/* End PBXSourcesBuildPhase section */

/* Begin PBXVariantGroup section */
		61070FE22566ACCC00ACF443 /* Main.storyboard */ = {
			isa = PBXVariantGroup;
			children = (
				61070FE32566ACCC00ACF443 /* Base */,
			);
			name = Main.storyboard;
			sourceTree = "<group>";
		};
		61070FE72566ACCC00ACF443 /* LaunchScreen.storyboard */ = {
			isa = PBXVariantGroup;
			children = (
				61070FE82566ACCC00ACF443 /* Base */,
			);
			name = LaunchScreen.storyboard;
			sourceTree = "<group>";
		};
/* End PBXVariantGroup section */

/* Begin XCBuildConfiguration section */
		61070FEB2566ACCC00ACF443 /* Debug */ = {
			isa = XCBuildConfiguration;
			buildSettings = {
				ALWAYS_SEARCH_USER_PATHS = NO;
				CLANG_ANALYZER_NONNULL = YES;
				CLANG_ANALYZER_NUMBER_OBJECT_CONVERSION = YES_AGGRESSIVE;
				CLANG_CXX_LANGUAGE_STANDARD = "gnu++14";
				CLANG_CXX_LIBRARY = "libc++";
				CLANG_ENABLE_MODULES = YES;
				CLANG_ENABLE_OBJC_ARC = YES;
				CLANG_ENABLE_OBJC_WEAK = YES;
				CLANG_WARN_BLOCK_CAPTURE_AUTORELEASING = YES;
				CLANG_WARN_BOOL_CONVERSION = YES;
				CLANG_WARN_COMMA = YES;
				CLANG_WARN_CONSTANT_CONVERSION = YES;
				CLANG_WARN_DEPRECATED_OBJC_IMPLEMENTATIONS = YES;
				CLANG_WARN_DIRECT_OBJC_ISA_USAGE = YES_ERROR;
				CLANG_WARN_DOCUMENTATION_COMMENTS = YES;
				CLANG_WARN_EMPTY_BODY = YES;
				CLANG_WARN_ENUM_CONVERSION = YES;
				CLANG_WARN_INFINITE_RECURSION = YES;
				CLANG_WARN_INT_CONVERSION = YES;
				CLANG_WARN_NON_LITERAL_NULL_CONVERSION = YES;
				CLANG_WARN_OBJC_IMPLICIT_RETAIN_SELF = YES;
				CLANG_WARN_OBJC_LITERAL_CONVERSION = YES;
				CLANG_WARN_OBJC_ROOT_CLASS = YES_ERROR;
				CLANG_WARN_RANGE_LOOP_ANALYSIS = YES;
				CLANG_WARN_STRICT_PROTOTYPES = YES;
				CLANG_WARN_SUSPICIOUS_MOVE = YES;
				CLANG_WARN_UNGUARDED_AVAILABILITY = YES_AGGRESSIVE;
				CLANG_WARN_UNREACHABLE_CODE = YES;
				CLANG_WARN__DUPLICATE_METHOD_MATCH = YES;
				COPY_PHASE_STRIP = NO;
				DEBUG_INFORMATION_FORMAT = dwarf;
				ENABLE_STRICT_OBJC_MSGSEND = YES;
				ENABLE_TESTABILITY = YES;
				GCC_C_LANGUAGE_STANDARD = gnu11;
				GCC_DYNAMIC_NO_PIC = NO;
				GCC_NO_COMMON_BLOCKS = YES;
				GCC_OPTIMIZATION_LEVEL = 0;
				GCC_PREPROCESSOR_DEFINITIONS = (
					"DEBUG=1",
					"$(inherited)",
				);
				GCC_WARN_64_TO_32_BIT_CONVERSION = YES;
				GCC_WARN_ABOUT_RETURN_TYPE = YES_ERROR;
				GCC_WARN_UNDECLARED_SELECTOR = YES;
				GCC_WARN_UNINITIALIZED_AUTOS = YES_AGGRESSIVE;
				GCC_WARN_UNUSED_FUNCTION = YES;
				GCC_WARN_UNUSED_VARIABLE = YES;
				IPHONEOS_DEPLOYMENT_TARGET = 13.5;
				MTL_ENABLE_DEBUG_INFO = INCLUDE_SOURCE;
				MTL_FAST_MATH = YES;
				ONLY_ACTIVE_ARCH = YES;
				SDKROOT = iphoneos;
				SWIFT_ACTIVE_COMPILATION_CONDITIONS = DEBUG;
				SWIFT_OPTIMIZATION_LEVEL = "-Onone";
			};
			name = Debug;
		};
		61070FEC2566ACCC00ACF443 /* Release */ = {
			isa = XCBuildConfiguration;
			buildSettings = {
				ALWAYS_SEARCH_USER_PATHS = NO;
				CLANG_ANALYZER_NONNULL = YES;
				CLANG_ANALYZER_NUMBER_OBJECT_CONVERSION = YES_AGGRESSIVE;
				CLANG_CXX_LANGUAGE_STANDARD = "gnu++14";
				CLANG_CXX_LIBRARY = "libc++";
				CLANG_ENABLE_MODULES = YES;
				CLANG_ENABLE_OBJC_ARC = YES;
				CLANG_ENABLE_OBJC_WEAK = YES;
				CLANG_WARN_BLOCK_CAPTURE_AUTORELEASING = YES;
				CLANG_WARN_BOOL_CONVERSION = YES;
				CLANG_WARN_COMMA = YES;
				CLANG_WARN_CONSTANT_CONVERSION = YES;
				CLANG_WARN_DEPRECATED_OBJC_IMPLEMENTATIONS = YES;
				CLANG_WARN_DIRECT_OBJC_ISA_USAGE = YES_ERROR;
				CLANG_WARN_DOCUMENTATION_COMMENTS = YES;
				CLANG_WARN_EMPTY_BODY = YES;
				CLANG_WARN_ENUM_CONVERSION = YES;
				CLANG_WARN_INFINITE_RECURSION = YES;
				CLANG_WARN_INT_CONVERSION = YES;
				CLANG_WARN_NON_LITERAL_NULL_CONVERSION = YES;
				CLANG_WARN_OBJC_IMPLICIT_RETAIN_SELF = YES;
				CLANG_WARN_OBJC_LITERAL_CONVERSION = YES;
				CLANG_WARN_OBJC_ROOT_CLASS = YES_ERROR;
				CLANG_WARN_RANGE_LOOP_ANALYSIS = YES;
				CLANG_WARN_STRICT_PROTOTYPES = YES;
				CLANG_WARN_SUSPICIOUS_MOVE = YES;
				CLANG_WARN_UNGUARDED_AVAILABILITY = YES_AGGRESSIVE;
				CLANG_WARN_UNREACHABLE_CODE = YES;
				CLANG_WARN__DUPLICATE_METHOD_MATCH = YES;
				COPY_PHASE_STRIP = NO;
				DEBUG_INFORMATION_FORMAT = "dwarf-with-dsym";
				ENABLE_NS_ASSERTIONS = NO;
				ENABLE_STRICT_OBJC_MSGSEND = YES;
				GCC_C_LANGUAGE_STANDARD = gnu11;
				GCC_NO_COMMON_BLOCKS = YES;
				GCC_WARN_64_TO_32_BIT_CONVERSION = YES;
				GCC_WARN_ABOUT_RETURN_TYPE = YES_ERROR;
				GCC_WARN_UNDECLARED_SELECTOR = YES;
				GCC_WARN_UNINITIALIZED_AUTOS = YES_AGGRESSIVE;
				GCC_WARN_UNUSED_FUNCTION = YES;
				GCC_WARN_UNUSED_VARIABLE = YES;
				IPHONEOS_DEPLOYMENT_TARGET = 13.5;
				MTL_ENABLE_DEBUG_INFO = NO;
				MTL_FAST_MATH = YES;
				SDKROOT = iphoneos;
				SWIFT_COMPILATION_MODE = wholemodule;
				SWIFT_OPTIMIZATION_LEVEL = "-O";
				VALIDATE_PRODUCT = YES;
			};
			name = Release;
		};
		61070FEE2566ACCC00ACF443 /* Debug */ = {
			isa = XCBuildConfiguration;
			baseConfigurationReference = 4E9C843E718E9752C3227A20 /* Pods-Instagram.debug.xcconfig */;
			buildSettings = {
				ASSETCATALOG_COMPILER_APPICON_NAME = AppIcon;
				CODE_SIGN_STYLE = Automatic;
				DEVELOPMENT_TEAM = MR9JTF8DLZ;
				INFOPLIST_FILE = Instagram/Info.plist;
				LD_RUNPATH_SEARCH_PATHS = (
					"$(inherited)",
					"@executable_path/Frameworks",
				);
				PRODUCT_BUNDLE_IDENTIFIER = jp.techacademy.watanabe.ryosuke.Instagram;
				PRODUCT_NAME = "$(TARGET_NAME)";
				SWIFT_VERSION = 5.0;
				TARGETED_DEVICE_FAMILY = 1;
			};
			name = Debug;
		};
		61070FEF2566ACCC00ACF443 /* Release */ = {
			isa = XCBuildConfiguration;
			baseConfigurationReference = E654F6FB995E64B82E47E2B9 /* Pods-Instagram.release.xcconfig */;
			buildSettings = {
				ASSETCATALOG_COMPILER_APPICON_NAME = AppIcon;
				CODE_SIGN_STYLE = Automatic;
				DEVELOPMENT_TEAM = MR9JTF8DLZ;
				INFOPLIST_FILE = Instagram/Info.plist;
				LD_RUNPATH_SEARCH_PATHS = (
					"$(inherited)",
					"@executable_path/Frameworks",
				);
				PRODUCT_BUNDLE_IDENTIFIER = jp.techacademy.watanabe.ryosuke.Instagram;
				PRODUCT_NAME = "$(TARGET_NAME)";
				SWIFT_VERSION = 5.0;
				TARGETED_DEVICE_FAMILY = 1;
			};
			name = Release;
		};
/* End XCBuildConfiguration section */

/* Begin XCConfigurationList section */
		61070FD42566ACCC00ACF443 /* Build configuration list for PBXProject "Instagram" */ = {
			isa = XCConfigurationList;
			buildConfigurations = (
				61070FEB2566ACCC00ACF443 /* Debug */,
				61070FEC2566ACCC00ACF443 /* Release */,
			);
			defaultConfigurationIsVisible = 0;
			defaultConfigurationName = Release;
		};
		61070FED2566ACCC00ACF443 /* Build configuration list for PBXNativeTarget "Instagram" */ = {
			isa = XCConfigurationList;
			buildConfigurations = (
				61070FEE2566ACCC00ACF443 /* Debug */,
				61070FEF2566ACCC00ACF443 /* Release */,
			);
			defaultConfigurationIsVisible = 0;
			defaultConfigurationName = Release;
		};
/* End XCConfigurationList section */
	};
	rootObject = 61070FD12566ACCC00ACF443 /* Project object */;
}
